
Microsoft Visual Studio Solution File, Format Version 12.00
Project("{FAE04EC0-301F-11D3-BF4B-00C04F79EFBC}") = "Task_01", "Task_01\Task_01.csproj", "{68A757C1-C18B-4DAA-8B44-886CD9521185}"
EndProject
Project("{FAE04EC0-301F-11D3-BF4B-00C04F79EFBC}") = "Task_02", "Task_02\Task_02.csproj", "{6B997C21-AC7D-4715-9456-EB0087F1A4A4}"
EndProject
Project("{FAE04EC0-301F-11D3-BF4B-00C04F79EFBC}") = "Task_03", "Task_03\Task_03.csproj", "{AB41E5C6-5FD4-48E9-BE28-1220424EBC50}"
EndProject
Project("{FAE04EC0-301F-11D3-BF4B-00C04F79EFBC}") = "Task_04", "Task_04\Task_04.csproj", "{0F52569A-8559-4CD3-B9C0-AD957D558AA4}"
EndProject
Project("{FAE04EC0-301F-11D3-BF4B-00C04F79EFBC}") = "Task_05", "Task_05\Task_05.csproj", "{F976A0D2-CE3F-4B62-BC7A-06F18C5D06EC}"
EndProject
Project("{FAE04EC0-301F-11D3-BF4B-00C04F79EFBC}") = "Task_06", "Task_06\Task_06.csproj", "{1A1CCF7E-F3B3-4B1D-A140-5CBCD9785658}"
EndProject
Project("{FAE04EC0-301F-11D3-BF4B-00C04F79EFBC}") = "Task_07", "Task_07\Task_07.csproj", "{DE09F755-AEF4-43AC-8663-140D8E0B8054}"
EndProject
Project("{FAE04EC0-301F-11D3-BF4B-00C04F79EFBC}") = "Task_08", "Task_08\Task_08.csproj", "{6226621B-B5F1-4670-BF80-EBC2C104AA84}"
EndProject
Project("{FAE04EC0-301F-11D3-BF4B-00C04F79EFBC}") = "Task_09", "Task_09\Task_09.csproj", "{1DC76287-3755-46A5-A85A-460D26FA32BF}"
EndProject
Project("{FAE04EC0-301F-11D3-BF4B-00C04F79EFBC}") = "Task_10", "Task_10\Task_10.csproj", "{8F7AE2E5-839D-4F58-BE36-54442558DBFC}"
EndProject
Project("{FAE04EC0-301F-11D3-BF4B-00C04F79EFBC}") = "Task_11", "Task_11\Task_11.csproj", "{65696BD6-2B88-4538-94BB-861F406E8AC5}"
EndProject
Project("{FAE04EC0-301F-11D3-BF4B-00C04F79EFBC}") = "Task_12", "Task_12\Task_12.csproj", "{19B12227-6932-485E-B8C8-C7A693BFB4FE}"
EndProject
Project("{FAE04EC0-301F-11D3-BF4B-00C04F79EFBC}") = "Task_13", "Task_13\Task_13.csproj", "{FA6C8CEF-3E9C-435E-A1AF-7CFB53097D11}"
EndProject
Project("{FAE04EC0-301F-11D3-BF4B-00C04F79EFBC}") = "Task_14", "Task_14\Task_14.csproj", "{E8D71232-1B8F-4DF8-893D-8358764C2AEB}"
EndProject
Project("{FAE04EC0-301F-11D3-BF4B-00C04F79EFBC}") = "Task_15", "Task_15\Task_15.csproj", "{471D8828-D88A-4AC5-98E3-03BD9EA97DA7}"
EndProject
Project("{FAE04EC0-301F-11D3-BF4B-00C04F79EFBC}") = "Task_16", "Task_16\Task_16.csproj", "{6036A364-69A5-483A-AD4E-17C19F34741B}"
EndProject
Project("{FAE04EC0-301F-11D3-BF4B-00C04F79EFBC}") = "Task_17", "Task_17\Task_17.csproj", "{5EDF120F-38E8-4322-8FF0-BB375246C70B}"
EndProject
Project("{FAE04EC0-301F-11D3-BF4B-00C04F79EFBC}") = "Task_18", "Task_18\Task_18.csproj", "{6E364290-447C-4E15-B609-49452ED0915A}"
EndProject
Project("{FAE04EC0-301F-11D3-BF4B-00C04F79EFBC}") = "MVC_Task_01", "MVC_Task_01\MVC_Task_01.csproj", "{3DABCCE5-8AAB-4CDD-9346-D12D0EC1FA40}"
EndProject
Project("{FAE04EC0-301F-11D3-BF4B-00C04F79EFBC}") = "MVC_Task_02", "MVC_Task_02\MVC_Task_02.csproj", "{8EFE318B-8B39-4974-A735-C10187507CAF}"
EndProject
Global
	GlobalSection(SolutionConfigurationPlatforms) = preSolution
		Debug|Any CPU = Debug|Any CPU
		Release|Any CPU = Release|Any CPU
	EndGlobalSection
	GlobalSection(ProjectConfigurationPlatforms) = postSolution
		{68A757C1-C18B-4DAA-8B44-886CD9521185}.Debug|Any CPU.ActiveCfg = Debug|Any CPU
		{68A757C1-C18B-4DAA-8B44-886CD9521185}.Debug|Any CPU.Build.0 = Debug|Any CPU
		{68A757C1-C18B-4DAA-8B44-886CD9521185}.Release|Any CPU.ActiveCfg = Release|Any CPU
		{68A757C1-C18B-4DAA-8B44-886CD9521185}.Release|Any CPU.Build.0 = Release|Any CPU
		{6B997C21-AC7D-4715-9456-EB0087F1A4A4}.Debug|Any CPU.ActiveCfg = Debug|Any CPU
		{6B997C21-AC7D-4715-9456-EB0087F1A4A4}.Debug|Any CPU.Build.0 = Debug|Any CPU
		{6B997C21-AC7D-4715-9456-EB0087F1A4A4}.Release|Any CPU.ActiveCfg = Release|Any CPU
		{6B997C21-AC7D-4715-9456-EB0087F1A4A4}.Release|Any CPU.Build.0 = Release|Any CPU
		{AB41E5C6-5FD4-48E9-BE28-1220424EBC50}.Debug|Any CPU.ActiveCfg = Debug|Any CPU
		{AB41E5C6-5FD4-48E9-BE28-1220424EBC50}.Debug|Any CPU.Build.0 = Debug|Any CPU
		{AB41E5C6-5FD4-48E9-BE28-1220424EBC50}.Release|Any CPU.ActiveCfg = Release|Any CPU
		{AB41E5C6-5FD4-48E9-BE28-1220424EBC50}.Release|Any CPU.Build.0 = Release|Any CPU
		{0F52569A-8559-4CD3-B9C0-AD957D558AA4}.Debug|Any CPU.ActiveCfg = Debug|Any CPU
		{0F52569A-8559-4CD3-B9C0-AD957D558AA4}.Debug|Any CPU.Build.0 = Debug|Any CPU
		{0F52569A-8559-4CD3-B9C0-AD957D558AA4}.Release|Any CPU.ActiveCfg = Release|Any CPU
		{0F52569A-8559-4CD3-B9C0-AD957D558AA4}.Release|Any CPU.Build.0 = Release|Any CPU
		{F976A0D2-CE3F-4B62-BC7A-06F18C5D06EC}.Debug|Any CPU.ActiveCfg = Debug|Any CPU
		{F976A0D2-CE3F-4B62-BC7A-06F18C5D06EC}.Debug|Any CPU.Build.0 = Debug|Any CPU
		{F976A0D2-CE3F-4B62-BC7A-06F18C5D06EC}.Release|Any CPU.ActiveCfg = Release|Any CPU
		{F976A0D2-CE3F-4B62-BC7A-06F18C5D06EC}.Release|Any CPU.Build.0 = Release|Any CPU
		{1A1CCF7E-F3B3-4B1D-A140-5CBCD9785658}.Debug|Any CPU.ActiveCfg = Debug|Any CPU
		{1A1CCF7E-F3B3-4B1D-A140-5CBCD9785658}.Debug|Any CPU.Build.0 = Debug|Any CPU
		{1A1CCF7E-F3B3-4B1D-A140-5CBCD9785658}.Release|Any CPU.ActiveCfg = Release|Any CPU
		{1A1CCF7E-F3B3-4B1D-A140-5CBCD9785658}.Release|Any CPU.Build.0 = Release|Any CPU
		{DE09F755-AEF4-43AC-8663-140D8E0B8054}.Debug|Any CPU.ActiveCfg = Debug|Any CPU
		{DE09F755-AEF4-43AC-8663-140D8E0B8054}.Debug|Any CPU.Build.0 = Debug|Any CPU
		{DE09F755-AEF4-43AC-8663-140D8E0B8054}.Release|Any CPU.ActiveCfg = Release|Any CPU
		{DE09F755-AEF4-43AC-8663-140D8E0B8054}.Release|Any CPU.Build.0 = Release|Any CPU
		{6226621B-B5F1-4670-BF80-EBC2C104AA84}.Debug|Any CPU.ActiveCfg = Debug|Any CPU
		{6226621B-B5F1-4670-BF80-EBC2C104AA84}.Debug|Any CPU.Build.0 = Debug|Any CPU
		{6226621B-B5F1-4670-BF80-EBC2C104AA84}.Release|Any CPU.ActiveCfg = Release|Any CPU
		{6226621B-B5F1-4670-BF80-EBC2C104AA84}.Release|Any CPU.Build.0 = Release|Any CPU
		{1DC76287-3755-46A5-A85A-460D26FA32BF}.Debug|Any CPU.ActiveCfg = Debug|Any CPU
		{1DC76287-3755-46A5-A85A-460D26FA32BF}.Debug|Any CPU.Build.0 = Debug|Any CPU
		{1DC76287-3755-46A5-A85A-460D26FA32BF}.Release|Any CPU.ActiveCfg = Release|Any CPU
		{1DC76287-3755-46A5-A85A-460D26FA32BF}.Release|Any CPU.Build.0 = Release|Any CPU
		{8F7AE2E5-839D-4F58-BE36-54442558DBFC}.Debug|Any CPU.ActiveCfg = Debug|Any CPU
		{8F7AE2E5-839D-4F58-BE36-54442558DBFC}.Debug|Any CPU.Build.0 = Debug|Any CPU
		{8F7AE2E5-839D-4F58-BE36-54442558DBFC}.Release|Any CPU.ActiveCfg = Release|Any CPU
		{8F7AE2E5-839D-4F58-BE36-54442558DBFC}.Release|Any CPU.Build.0 = Release|Any CPU
		{65696BD6-2B88-4538-94BB-861F406E8AC5}.Debug|Any CPU.ActiveCfg = Debug|Any CPU
		{65696BD6-2B88-4538-94BB-861F406E8AC5}.Debug|Any CPU.Build.0 = Debug|Any CPU
		{65696BD6-2B88-4538-94BB-861F406E8AC5}.Release|Any CPU.ActiveCfg = Release|Any CPU
		{65696BD6-2B88-4538-94BB-861F406E8AC5}.Release|Any CPU.Build.0 = Release|Any CPU
		{19B12227-6932-485E-B8C8-C7A693BFB4FE}.Debug|Any CPU.ActiveCfg = Debug|Any CPU
		{19B12227-6932-485E-B8C8-C7A693BFB4FE}.Debug|Any CPU.Build.0 = Debug|Any CPU
		{19B12227-6932-485E-B8C8-C7A693BFB4FE}.Release|Any CPU.ActiveCfg = Release|Any CPU
		{19B12227-6932-485E-B8C8-C7A693BFB4FE}.Release|Any CPU.Build.0 = Release|Any CPU
		{FA6C8CEF-3E9C-435E-A1AF-7CFB53097D11}.Debug|Any CPU.ActiveCfg = Debug|Any CPU
		{FA6C8CEF-3E9C-435E-A1AF-7CFB53097D11}.Debug|Any CPU.Build.0 = Debug|Any CPU
		{FA6C8CEF-3E9C-435E-A1AF-7CFB53097D11}.Release|Any CPU.ActiveCfg = Release|Any CPU
		{FA6C8CEF-3E9C-435E-A1AF-7CFB53097D11}.Release|Any CPU.Build.0 = Release|Any CPU
		{E8D71232-1B8F-4DF8-893D-8358764C2AEB}.Debug|Any CPU.ActiveCfg = Debug|Any CPU
		{E8D71232-1B8F-4DF8-893D-8358764C2AEB}.Debug|Any CPU.Build.0 = Debug|Any CPU
		{E8D71232-1B8F-4DF8-893D-8358764C2AEB}.Release|Any CPU.ActiveCfg = Release|Any CPU
		{E8D71232-1B8F-4DF8-893D-8358764C2AEB}.Release|Any CPU.Build.0 = Release|Any CPU
		{471D8828-D88A-4AC5-98E3-03BD9EA97DA7}.Debug|Any CPU.ActiveCfg = Debug|Any CPU
		{471D8828-D88A-4AC5-98E3-03BD9EA97DA7}.Debug|Any CPU.Build.0 = Debug|Any CPU
		{471D8828-D88A-4AC5-98E3-03BD9EA97DA7}.Release|Any CPU.ActiveCfg = Release|Any CPU
		{471D8828-D88A-4AC5-98E3-03BD9EA97DA7}.Release|Any CPU.Build.0 = Release|Any CPU
		{6036A364-69A5-483A-AD4E-17C19F34741B}.Debug|Any CPU.ActiveCfg = Debug|Any CPU
		{6036A364-69A5-483A-AD4E-17C19F34741B}.Debug|Any CPU.Build.0 = Debug|Any CPU
		{6036A364-69A5-483A-AD4E-17C19F34741B}.Release|Any CPU.ActiveCfg = Release|Any CPU
		{6036A364-69A5-483A-AD4E-17C19F34741B}.Release|Any CPU.Build.0 = Release|Any CPU
		{5EDF120F-38E8-4322-8FF0-BB375246C70B}.Debug|Any CPU.ActiveCfg = Debug|Any CPU
		{5EDF120F-38E8-4322-8FF0-BB375246C70B}.Debug|Any CPU.Build.0 = Debug|Any CPU
		{5EDF120F-38E8-4322-8FF0-BB375246C70B}.Release|Any CPU.ActiveCfg = Release|Any CPU
		{5EDF120F-38E8-4322-8FF0-BB375246C70B}.Release|Any CPU.Build.0 = Release|Any CPU
		{6E364290-447C-4E15-B609-49452ED0915A}.Debug|Any CPU.ActiveCfg = Debug|Any CPU
		{6E364290-447C-4E15-B609-49452ED0915A}.Debug|Any CPU.Build.0 = Debug|Any CPU
		{6E364290-447C-4E15-B609-49452ED0915A}.Release|Any CPU.ActiveCfg = Release|Any CPU
		{6E364290-447C-4E15-B609-49452ED0915A}.Release|Any CPU.Build.0 = Release|Any CPU
		{3DABCCE5-8AAB-4CDD-9346-D12D0EC1FA40}.Debug|Any CPU.ActiveCfg = Debug|Any CPU
		{3DABCCE5-8AAB-4CDD-9346-D12D0EC1FA40}.Debug|Any CPU.Build.0 = Debug|Any CPU
		{3DABCCE5-8AAB-4CDD-9346-D12D0EC1FA40}.Release|Any CPU.ActiveCfg = Release|Any CPU
		{3DABCCE5-8AAB-4CDD-9346-D12D0EC1FA40}.Release|Any CPU.Build.0 = Release|Any CPU
		{8EFE318B-8B39-4974-A735-C10187507CAF}.Debug|Any CPU.ActiveCfg = Debug|Any CPU
		{8EFE318B-8B39-4974-A735-C10187507CAF}.Debug|Any CPU.Build.0 = Debug|Any CPU
		{8EFE318B-8B39-4974-A735-C10187507CAF}.Release|Any CPU.ActiveCfg = Release|Any CPU
		{8EFE318B-8B39-4974-A735-C10187507CAF}.Release|Any CPU.Build.0 = Release|Any CPU
	EndGlobalSection
EndGlobal
